Microsoft Visual Studio Solution File, Format Version 11.00
# Visual Studio 2008

Project("{8894C86A-8F00-05C9-32A9-63CB354DDEAB}") = "AtmosphereFlow-master 4", "Assembly-CSharp-vs.csproj", "{83FF5B05-6A2A-E68F-9064-083840D1343F}"
EndProject
Project("{8894C86A-8F00-05C9-32A9-63CB354DDEAB}") = "AtmosphereFlow-master 4", "Assembly-CSharp-Editor-vs.csproj", "{A10CC790-8C33-41BC-B02E-3938BE18774C}"
EndProject
Global
	GlobalSection(SolutionConfigurationPlatforms) = preSolution
		Debug|Any CPU = Debug|Any CPU
		Release|Any CPU = Release|Any CPU
	EndGlobalSection
	GlobalSection(ProjectConfigurationPlatforms) = postSolution
		{83FF5B05-6A2A-E68F-9064-083840D1343F}.Debug|Any CPU.ActiveCfg = Debug|Any CPU
		{83FF5B05-6A2A-E68F-9064-083840D1343F}.Debug|Any CPU.Build.0 = Debug|Any CPU
		{83FF5B05-6A2A-E68F-9064-083840D1343F}.Release|Any CPU.ActiveCfg = Release|Any CPU
		{83FF5B05-6A2A-E68F-9064-083840D1343F}.Release|Any CPU.Build.0 = Release|Any CPU
		{A10CC790-8C33-41BC-B02E-3938BE18774C}.Debug|Any CPU.ActiveCfg = Debug|Any CPU
		{A10CC790-8C33-41BC-B02E-3938BE18774C}.Debug|Any CPU.Build.0 = Debug|Any CPU
		{A10CC790-8C33-41BC-B02E-3938BE18774C}.Release|Any CPU.ActiveCfg = Release|Any CPU
		{A10CC790-8C33-41BC-B02E-3938BE18774C}.Release|Any CPU.Build.0 = Release|Any CPU
	EndGlobalSection
	GlobalSection(SolutionProperties) = preSolution
		HideSolutionNode = FALSE
	EndGlobalSection
												GlobalSection(MonoDevelopProperties) = preSolution
		StartupItem = Assembly-CSharp.csproj
		Policies = $0
		$0.TextStylePolicy = $1
		$1.inheritsSet = null
		$1.scope = text/x-csharp
		$0.CSharpFormattingPolicy = $2
		$2.inheritsSet = Mono
		$2.inheritsScope = text/x-csharp
		$2.scope = text/x-csharp
		$0.TextStylePolicy = $3
		$3.FileWidth = 120
		$3.TabWidth = 4
		$3.EolMarker = Unix
		$3.inheritsSet = Mono
		$3.inheritsScope = text/plain
		$3.scope = text/plain
	EndGlobalSection

EndGlobal
